
Microsoft Visual Studio Solution File, Format Version 12.00
# Visual Studio Version 16
VisualStudioVersion = 16.0.30717.126
MinimumVisualStudioVersion = 10.0.40219.1
Project("{FAE04EC0-301F-11D3-BF4B-00C04F79EFBC}") = "WebApplication1", "WebApplication1\WebApplication1.csproj", "{82C37A09-4918-4923-800E-06C62A6E1C42}"
EndProject
Project("{2150E333-8FDC-42A3-9474-1A3956D46DE8}") = "src", "src", "{83EE961D-2951-4CEE-A8E9-4750A7F6B17B}"
EndProject
Project("{2150E333-8FDC-42A3-9474-1A3956D46DE8}") = "test", "test", "{08E3AC33-5F0A-4A76-91B1-4395708D4597}"
EndProject
Project("{FAE04EC0-301F-11D3-BF4B-00C04F79EFBC}") = "WebApplication1Test", "WebApplication1Test\WebApplication1Test.csproj", "{42EDD036-B67D-45C7-84C2-4634F428CCCC}"
EndProject
Global
	GlobalSection(SolutionConfigurationPlatforms) = preSolution
		Debug|Any CPU = Debug|Any CPU
		Release|Any CPU = Release|Any CPU
	EndGlobalSection
	GlobalSection(ProjectConfigurationPlatforms) = postSolution
		{82C37A09-4918-4923-800E-06C62A6E1C42}.Debug|Any CPU.ActiveCfg = Debug|Any CPU
		{82C37A09-4918-4923-800E-06C62A6E1C42}.Debug|Any CPU.Build.0 = Debug|Any CPU
		{82C37A09-4918-4923-800E-06C62A6E1C42}.Release|Any CPU.ActiveCfg = Release|Any CPU
		{82C37A09-4918-4923-800E-06C62A6E1C42}.Release|Any CPU.Build.0 = Release|Any CPU
		{42EDD036-B67D-45C7-84C2-4634F428CCCC}.Debug|Any CPU.ActiveCfg = Debug|Any CPU
		{42EDD036-B67D-45C7-84C2-4634F428CCCC}.Debug|Any CPU.Build.0 = Debug|Any CPU
		{42EDD036-B67D-45C7-84C2-4634F428CCCC}.Release|Any CPU.ActiveCfg = Release|Any CPU
		{42EDD036-B67D-45C7-84C2-4634F428CCCC}.Release|Any CPU.Build.0 = Release|Any CPU
	EndGlobalSection
	GlobalSection(SolutionProperties) = preSolution
		HideSolutionNode = FALSE
	EndGlobalSection
	GlobalSection(NestedProjects) = preSolution
		{82C37A09-4918-4923-800E-06C62A6E1C42} = {83EE961D-2951-4CEE-A8E9-4750A7F6B17B}
		{42EDD036-B67D-45C7-84C2-4634F428CCCC} = {08E3AC33-5F0A-4A76-91B1-4395708D4597}
	EndGlobalSection
	GlobalSection(ExtensibilityGlobals) = postSolution
		SolutionGuid = {22128692-D25D-43A9-904D-BC899657AF9D}
	EndGlobalSection
EndGlobal
